<?xml version="1.0" encoding="utf-8"?>
<Project ToolsVersion="4.0" xmlns="http://schemas.microsoft.com/developer/msbuild/2003">
  <ItemGroup>
    <Filter Include="Engine">
      <UniqueIdentifier>{DBC7D3B0-C769-FE86-B024-12DB9C6585D7}</UniqueIdentifier>
    </Filter>
    <Filter Include="Engine\Core">
      <UniqueIdentifier>{130D9B61-7FC2-1357-08B7-0D2E746B0A5B}</UniqueIdentifier>
    </Filter>
    <Filter Include="Engine\Core\Events">
      <UniqueIdentifier>{97E562D1-83C9-2327-EC29-1E7AD82C0EA9}</UniqueIdentifier>
    </Filter>
    <Filter Include="Engine\Core\Log">
      <UniqueIdentifier>{6476CCA3-D001-3A68-D912-BD5C451D9668}</UniqueIdentifier>
    </Filter>
    <Filter Include="Engine\Core\Memory">
      <UniqueIdentifier>{1BF1DCE2-07D5-9D38-7035-988B5C3888BA}</UniqueIdentifier>
    </Filter>
    <Filter Include="Engine\Core\Renderer">
      <UniqueIdentifier>{19B6ADAC-0545-3776-AE63-4B719AD1471C}</UniqueIdentifier>
    </Filter>
    <Filter Include="Engine\Core\Renderer\OpenGL">
      <UniqueIdentifier>{2D692FCA-9976-5DB0-225D-599B8E692967}</UniqueIdentifier>
    </Filter>
    <Filter Include="Engine\Core\Window">
      <UniqueIdentifier>{9A4679FA-862A-3A50-EF8A-34A3DB8D24D2}</UniqueIdentifier>
    </Filter>
    <Filter Include="Engine\Modules">
      <UniqueIdentifier>{A3FFB9C7-8FCD-ADCD-7861-1EF464CE8932}</UniqueIdentifier>
    </Filter>
    <Filter Include="Engine\Modules\Renderer">
      <UniqueIdentifier>{A98AAE17-15C2-F6AE-1ECC-5AD28A821DA8}</UniqueIdentifier>
    </Filter>
    <Filter Include="Engine\Modules\Window">
      <UniqueIdentifier>{2AB71BB3-9623-D7AD-5F17-6F0BCB42F915}</UniqueIdentifier>
    </Filter>
  </ItemGroup>
  <ItemGroup>
    <ClInclude Include="src\Engine.h" />
    <ClInclude Include="src\Engine\Core\Application.h">
      <Filter>Engine\Core</Filter>
    </ClInclude>
    <ClInclude Include="src\Engine\Core\Core.h">
      <Filter>Engine\Core</Filter>
    </ClInclude>
    <ClInclude Include="src\Engine\Core\EntryPoint.h">
      <Filter>Engine\Core</Filter>
    </ClInclude>
    <ClInclude Include="src\Engine\Core\Events\Event.h">
      <Filter>Engine\Core\Events</Filter>
    </ClInclude>
    <ClInclude Include="src\Engine\Core\Log\Log.h">
      <Filter>Engine\Core\Log</Filter>
    </ClInclude>
    <ClInclude Include="src\Engine\Core\Memory\ByteSwap.h">
      <Filter>Engine\Core\Memory</Filter>
    </ClInclude>
    <ClInclude Include="src\Engine\Core\Memory\MemoryBuffer.h">
      <Filter>Engine\Core\Memory</Filter>
    </ClInclude>
    <ClInclude Include="src\Engine\Core\Renderer\ComputeShader.h">
      <Filter>Engine\Core\Renderer</Filter>
    </ClInclude>
    <ClInclude Include="src\Engine\Core\Renderer\GraphicsContext.h">
      <Filter>Engine\Core\Renderer</Filter>
    </ClInclude>
    <ClInclude Include="src\Engine\Core\Renderer\OpenGL\OpenGLComputeShader.h">
      <Filter>Engine\Core\Renderer\OpenGL</Filter>
    </ClInclude>
    <ClInclude Include="src\Engine\Core\Renderer\OpenGL\OpenGLContext.h">
      <Filter>Engine\Core\Renderer\OpenGL</Filter>
    </ClInclude>
    <ClInclude Include="src\Engine\Core\Renderer\OpenGL\OpenGLRenderer.h">
      <Filter>Engine\Core\Renderer\OpenGL</Filter>
    </ClInclude>
    <ClInclude Include="src\Engine\Core\Renderer\OpenGL\OpenGLShader.h">
      <Filter>Engine\Core\Renderer\OpenGL</Filter>
    </ClInclude>
    <ClInclude Include="src\Engine\Core\Renderer\RenderAPI.h">
      <Filter>Engine\Core\Renderer</Filter>
    </ClInclude>
    <ClInclude Include="src\Engine\Core\Renderer\Shader.h">
      <Filter>Engine\Core\Renderer</Filter>
    </ClInclude>
    <ClInclude Include="src\Engine\Core\Window\GLWindow.h">
      <Filter>Engine\Core\Window</Filter>
    </ClInclude>
    <ClInclude Include="src\Engine\Core\Window\Window.h">
      <Filter>Engine\Core\Window</Filter>
    </ClInclude>
    <ClInclude Include="src\Engine\Modules\Module.h">
      <Filter>Engine\Modules</Filter>
    </ClInclude>
    <ClInclude Include="src\Engine\Modules\Renderer\ModuleRenderer.h">
      <Filter>Engine\Modules\Renderer</Filter>
    </ClInclude>
    <ClInclude Include="src\Engine\Modules\Window\ModuleWindow.h">
      <Filter>Engine\Modules\Window</Filter>
    </ClInclude>
  </ItemGroup>
  <ItemGroup>
    <ClCompile Include="src\Engine\Core\Application.cpp">
      <Filter>Engine\Core</Filter>
    </ClCompile>
    <ClCompile Include="src\Engine\Core\Events\Event.cpp">
      <Filter>Engine\Core\Events</Filter>
    </ClCompile>
    <ClCompile Include="src\Engine\Core\Log\Log.cpp">
      <Filter>Engine\Core\Log</Filter>
    </ClCompile>
    <ClCompile Include="src\Engine\Core\Memory\MemoryBuffer.cpp">
      <Filter>Engine\Core\Memory</Filter>
    </ClCompile>
    <ClCompile Include="src\Engine\Core\Renderer\ComputeShader.cpp">
      <Filter>Engine\Core\Renderer</Filter>
    </ClCompile>
    <ClCompile Include="src\Engine\Core\Renderer\GraphicsContext.cpp">
      <Filter>Engine\Core\Renderer</Filter>
    </ClCompile>
    <ClCompile Include="src\Engine\Core\Renderer\OpenGL\OpenGLComputeShader.cpp">
      <Filter>Engine\Core\Renderer\OpenGL</Filter>
    </ClCompile>
    <ClCompile Include="src\Engine\Core\Renderer\OpenGL\OpenGLContext.cpp">
      <Filter>Engine\Core\Renderer\OpenGL</Filter>
    </ClCompile>
    <ClCompile Include="src\Engine\Core\Renderer\OpenGL\OpenGLRenderer.cpp">
      <Filter>Engine\Core\Renderer\OpenGL</Filter>
    </ClCompile>
    <ClCompile Include="src\Engine\Core\Renderer\OpenGL\OpenGLShader.cpp">
      <Filter>Engine\Core\Renderer\OpenGL</Filter>
    </ClCompile>
    <ClCompile Include="src\Engine\Core\Renderer\RendererAPI.cpp">
      <Filter>Engine\Core\Renderer</Filter>
    </ClCompile>
    <ClCompile Include="src\Engine\Core\Renderer\Shader.cpp">
      <Filter>Engine\Core\Renderer</Filter>
    </ClCompile>
    <ClCompile Include="src\Engine\Core\Window\GLWindow.cpp">
      <Filter>Engine\Core\Window</Filter>
    </ClCompile>
    <ClCompile Include="src\Engine\Modules\Renderer\ModuleRenderer.cpp">
      <Filter>Engine\Modules\Renderer</Filter>
    </ClCompile>
    <ClCompile Include="src\Engine\Modules\Window\ModuleWindow.cpp">
      <Filter>Engine\Modules\Window</Filter>
    </ClCompile>
  </ItemGroup>
</Project>